{
  "name": "cachemuni",
  "version": "0.0.1",
  "lockfileVersion": 2,
  "requires": true,
  "packages": {
    "": {
      "name": "cachemuni",
      "version": "0.0.1",
      "license": "ISC",
      "dependencies": {
        "json-stringify-deterministic": "^1.0.7"
      }
    },
    "node_modules/json-stringify-deterministic": {
      "version": "1.0.7",
      "resolved": "https://registry.npmjs.org/json-stringify-deterministic/-/json-stringify-deterministic-1.0.7.tgz",
      "integrity": "sha512-VGSL+V2s/AqL25ixC4459kAlyIYsS+VUJ3owa/FKr4ZeMJeTZERlzGXJ2xWIHcTfd/fwgTvNyh7/RWMDvkFciw==",
      "engines": {
        "node": ">= 4"
      }
    }
  },
  "dependencies": {
    "json-stringify-deterministic": {
      "version": "1.0.7",
      "resolved": "https://registry.npmjs.org/json-stringify-deterministic/-/json-stringify-deterministic-1.0.7.tgz",
      "integrity": "sha512-VGSL+V2s/AqL25ixC4459kAlyIYsS+VUJ3owa/FKr4ZeMJeTZERlzGXJ2xWIHcTfd/fwgTvNyh7/RWMDvkFciw=="
    }
  }
}
